
Microsoft Visual Studio Solution File, Format Version 12.00
# Visual Studio 2012
Project("{FAE04EC0-301F-11D3-BF4B-00C04F79EFBC}") = "Lullabies", "Lullabies.csproj", "{D9CC6165-EC26-4071-BF05-3A059F6B2366}"
EndProject
Global
	GlobalSection(SolutionConfigurationPlatforms) = preSolution
		Debug|iPhoneSimulator = Debug|iPhoneSimulator
		Release|iPhoneSimulator = Release|iPhoneSimulator
		Debug|iPhone = Debug|iPhone
		Release|iPhone = Release|iPhone
		Ad-Hoc|iPhone = Ad-Hoc|iPhone
		AppStore|iPhone = AppStore|iPhone
	EndGlobalSection
	GlobalSection(ProjectConfigurationPlatforms) = postSolution
		{D9CC6165-EC26-4071-BF05-3A059F6B2366}.Ad-Hoc|iPhone.ActiveCfg = Ad-Hoc|iPhone
		{D9CC6165-EC26-4071-BF05-3A059F6B2366}.Ad-Hoc|iPhone.Build.0 = Ad-Hoc|iPhone
		{D9CC6165-EC26-4071-BF05-3A059F6B2366}.AppStore|iPhone.ActiveCfg = AppStore|iPhone
		{D9CC6165-EC26-4071-BF05-3A059F6B2366}.AppStore|iPhone.Build.0 = AppStore|iPhone
		{D9CC6165-EC26-4071-BF05-3A059F6B2366}.Debug|iPhone.ActiveCfg = Debug|iPhone
		{D9CC6165-EC26-4071-BF05-3A059F6B2366}.Debug|iPhone.Build.0 = Debug|iPhone
		{D9CC6165-EC26-4071-BF05-3A059F6B2366}.Debug|iPhoneSimulator.ActiveCfg = Debug|iPhoneSimulator
		{D9CC6165-EC26-4071-BF05-3A059F6B2366}.Debug|iPhoneSimulator.Build.0 = Debug|iPhoneSimulator
		{D9CC6165-EC26-4071-BF05-3A059F6B2366}.Release|iPhone.ActiveCfg = Release|iPhone
		{D9CC6165-EC26-4071-BF05-3A059F6B2366}.Release|iPhone.Build.0 = Release|iPhone
		{D9CC6165-EC26-4071-BF05-3A059F6B2366}.Release|iPhoneSimulator.ActiveCfg = Release|iPhoneSimulator
		{D9CC6165-EC26-4071-BF05-3A059F6B2366}.Release|iPhoneSimulator.Build.0 = Release|iPhoneSimulator
	EndGlobalSection
	GlobalSection(MonoDevelopProperties) = preSolution
		StartupItem = PlayMidi.csproj
	EndGlobalSection
EndGlobal
