
Microsoft Visual Studio Solution File, Format Version 12.00
# Visual Studio 2012
Project("{FAE04EC0-301F-11D3-BF4B-00C04F79EFBC}") = "NMusic", "NMusic\NMusic.csproj", "{4AAB1AE8-D817-4DAA-9E34-F758A012EBC7}"
EndProject
Project("{FAE04EC0-301F-11D3-BF4B-00C04F79EFBC}") = "Player", "Player\Player.csproj", "{D9CC6165-EC26-4071-BF05-3A059F6B2366}"
EndProject
Global
	GlobalSection(SolutionConfigurationPlatforms) = preSolution
		Debug|Any CPU = Debug|Any CPU
		Release|Any CPU = Release|Any CPU
		Debug|iPhoneSimulator = Debug|iPhoneSimulator
		Release|iPhoneSimulator = Release|iPhoneSimulator
		Debug|iPhone = Debug|iPhone
		Release|iPhone = Release|iPhone
		Ad-Hoc|iPhone = Ad-Hoc|iPhone
		AppStore|iPhone = AppStore|iPhone
	EndGlobalSection
	GlobalSection(ProjectConfigurationPlatforms) = postSolution
		{4AAB1AE8-D817-4DAA-9E34-F758A012EBC7}.Debug|Any CPU.ActiveCfg = Debug|Any CPU
		{4AAB1AE8-D817-4DAA-9E34-F758A012EBC7}.Debug|Any CPU.Build.0 = Debug|Any CPU
		{4AAB1AE8-D817-4DAA-9E34-F758A012EBC7}.Release|Any CPU.ActiveCfg = Release|Any CPU
		{4AAB1AE8-D817-4DAA-9E34-F758A012EBC7}.Release|Any CPU.Build.0 = Release|Any CPU
		{4AAB1AE8-D817-4DAA-9E34-F758A012EBC7}.Debug|iPhoneSimulator.ActiveCfg = Debug|Any CPU
		{4AAB1AE8-D817-4DAA-9E34-F758A012EBC7}.Debug|iPhoneSimulator.Build.0 = Debug|Any CPU
		{4AAB1AE8-D817-4DAA-9E34-F758A012EBC7}.Release|iPhoneSimulator.ActiveCfg = Release|Any CPU
		{4AAB1AE8-D817-4DAA-9E34-F758A012EBC7}.Release|iPhoneSimulator.Build.0 = Release|Any CPU
		{4AAB1AE8-D817-4DAA-9E34-F758A012EBC7}.Debug|iPhone.ActiveCfg = Debug|Any CPU
		{4AAB1AE8-D817-4DAA-9E34-F758A012EBC7}.Debug|iPhone.Build.0 = Debug|Any CPU
		{4AAB1AE8-D817-4DAA-9E34-F758A012EBC7}.Release|iPhone.ActiveCfg = Release|Any CPU
		{4AAB1AE8-D817-4DAA-9E34-F758A012EBC7}.Release|iPhone.Build.0 = Release|Any CPU
		{4AAB1AE8-D817-4DAA-9E34-F758A012EBC7}.Ad-Hoc|iPhone.ActiveCfg = Debug|Any CPU
		{4AAB1AE8-D817-4DAA-9E34-F758A012EBC7}.Ad-Hoc|iPhone.Build.0 = Debug|Any CPU
		{4AAB1AE8-D817-4DAA-9E34-F758A012EBC7}.AppStore|iPhone.ActiveCfg = Debug|Any CPU
		{4AAB1AE8-D817-4DAA-9E34-F758A012EBC7}.AppStore|iPhone.Build.0 = Debug|Any CPU
		{D9CC6165-EC26-4071-BF05-3A059F6B2366}.Debug|Any CPU.ActiveCfg = Debug|iPhoneSimulator
		{D9CC6165-EC26-4071-BF05-3A059F6B2366}.Debug|Any CPU.Build.0 = Debug|iPhoneSimulator
		{D9CC6165-EC26-4071-BF05-3A059F6B2366}.Release|Any CPU.ActiveCfg = Release|iPhoneSimulator
		{D9CC6165-EC26-4071-BF05-3A059F6B2366}.Release|Any CPU.Build.0 = Release|iPhoneSimulator
		{D9CC6165-EC26-4071-BF05-3A059F6B2366}.Debug|iPhoneSimulator.ActiveCfg = Debug|iPhoneSimulator
		{D9CC6165-EC26-4071-BF05-3A059F6B2366}.Debug|iPhoneSimulator.Build.0 = Debug|iPhoneSimulator
		{D9CC6165-EC26-4071-BF05-3A059F6B2366}.Release|iPhoneSimulator.ActiveCfg = Release|iPhoneSimulator
		{D9CC6165-EC26-4071-BF05-3A059F6B2366}.Release|iPhoneSimulator.Build.0 = Release|iPhoneSimulator
		{D9CC6165-EC26-4071-BF05-3A059F6B2366}.Debug|iPhone.ActiveCfg = Debug|iPhone
		{D9CC6165-EC26-4071-BF05-3A059F6B2366}.Debug|iPhone.Build.0 = Debug|iPhone
		{D9CC6165-EC26-4071-BF05-3A059F6B2366}.Release|iPhone.ActiveCfg = Release|iPhone
		{D9CC6165-EC26-4071-BF05-3A059F6B2366}.Release|iPhone.Build.0 = Release|iPhone
		{D9CC6165-EC26-4071-BF05-3A059F6B2366}.Ad-Hoc|iPhone.ActiveCfg = Ad-Hoc|iPhone
		{D9CC6165-EC26-4071-BF05-3A059F6B2366}.Ad-Hoc|iPhone.Build.0 = Ad-Hoc|iPhone
		{D9CC6165-EC26-4071-BF05-3A059F6B2366}.AppStore|iPhone.ActiveCfg = AppStore|iPhone
		{D9CC6165-EC26-4071-BF05-3A059F6B2366}.AppStore|iPhone.Build.0 = AppStore|iPhone
	EndGlobalSection
EndGlobal
